// !$*UTF8*$!
{
	archiveVersion = 1;
	classes = {
	};
	objectVersion = 55;
	objects = {

/* Begin PBXBuildFile section */
		1D052F5D288095EE007DDB87 /* TaskCell.swift in Sources */ = {isa = PBXBuildFile; fileRef = 1D052F5C288095EE007DDB87 /* TaskCell.swift */; };
		1D052F5F28809803007DDB87 /* EmptyTaskView.swift in Sources */ = {isa = PBXBuildFile; fileRef = 1D052F5E28809803007DDB87 /* EmptyTaskView.swift */; };
		1D164BE7290DB9B000BBA9C9 /* TaskCellManageButtons.swift in Sources */ = {isa = PBXBuildFile; fileRef = 1D164BE6290DB9B000BBA9C9 /* TaskCellManageButtons.swift */; };
		1D32BF46288082DC003FB38F /* GoogleService-Info.plist in Resources */ = {isa = PBXBuildFile; fileRef = 1D32BF45288082DC003FB38F /* GoogleService-Info.plist */; };
		1D36B7C4290EACA0002D66CF /* AddTaskView.swift in Sources */ = {isa = PBXBuildFile; fileRef = 1D36B7C3290EACA0002D66CF /* AddTaskView.swift */; };
		1D7E607E29119DF80077BA20 /* StringExtension.swift in Sources */ = {isa = PBXBuildFile; fileRef = 1D7E607D29119DF80077BA20 /* StringExtension.swift */; };
		1DA716EC28F744E5002E32AF /* HomeView.swift in Sources */ = {isa = PBXBuildFile; fileRef = 1DD28374287C87810095880A /* HomeView.swift */; };
		1DADE8DE287F3E6800F1F495 /* FirebaseFirestore in Frameworks */ = {isa = PBXBuildFile; productRef = 1DADE8DD287F3E6800F1F495 /* FirebaseFirestore */; };
		1DADE8E0287F3E6800F1F495 /* FirebaseFirestoreSwift in Frameworks */ = {isa = PBXBuildFile; productRef = 1DADE8DF287F3E6800F1F495 /* FirebaseFirestoreSwift */; };
		1DADE8E3287F3F7400F1F495 /* TaskRepository.swift in Sources */ = {isa = PBXBuildFile; fileRef = 1DADE8E2287F3F7400F1F495 /* TaskRepository.swift */; };
		1DD28348287C7C5F0095880A /* DoneApp.swift in Sources */ = {isa = PBXBuildFile; fileRef = 1DD28347287C7C5F0095880A /* DoneApp.swift */; };
		1DD2834C287C7C620095880A /* Assets.xcassets in Resources */ = {isa = PBXBuildFile; fileRef = 1DD2834B287C7C620095880A /* Assets.xcassets */; };
		1DD2834F287C7C620095880A /* Preview Assets.xcassets in Resources */ = {isa = PBXBuildFile; fileRef = 1DD2834E287C7C620095880A /* Preview Assets.xcassets */; };
		1DD28359287C7E280095880A /* FirebaseAnalytics in Frameworks */ = {isa = PBXBuildFile; productRef = 1DD28358287C7E280095880A /* FirebaseAnalytics */; };
		1DD2835B287C7E280095880A /* FirebaseAuth in Frameworks */ = {isa = PBXBuildFile; productRef = 1DD2835A287C7E280095880A /* FirebaseAuth */; };
		1DD28363287C80CE0095880A /* FirebaseAuth in Frameworks */ = {isa = PBXBuildFile; productRef = 1DD28362287C80CE0095880A /* FirebaseAuth */; };
		1DD28366287C81630095880A /* GoogleSignIn in Frameworks */ = {isa = PBXBuildFile; productRef = 1DD28365287C81630095880A /* GoogleSignIn */; };
		1DD2837E287DEC850095880A /* Task.swift in Sources */ = {isa = PBXBuildFile; fileRef = 1DD2837D287DEC850095880A /* Task.swift */; };
		1DD28380287DF1E30095880A /* TaskCellViewModel.swift in Sources */ = {isa = PBXBuildFile; fileRef = 1DD2837F287DF1E30095880A /* TaskCellViewModel.swift */; };
		1DD28382287DF36D0095880A /* TaskListViewModel.swift in Sources */ = {isa = PBXBuildFile; fileRef = 1DD28381287DF36D0095880A /* TaskListViewModel.swift */; };
		904BA4F329167E8F00211064 /* WidgetKit.framework in Frameworks */ = {isa = PBXBuildFile; fileRef = 904BA4F229167E8F00211064 /* WidgetKit.framework */; };
		904BA4F529167E8F00211064 /* SwiftUI.framework in Frameworks */ = {isa = PBXBuildFile; fileRef = 904BA4F429167E8F00211064 /* SwiftUI.framework */; };
		904BA4F829167E8F00211064 /* DoneWidgetBundle.swift in Sources */ = {isa = PBXBuildFile; fileRef = 904BA4F729167E8F00211064 /* DoneWidgetBundle.swift */; };
		904BA4FA29167E8F00211064 /* DoneWidget.swift in Sources */ = {isa = PBXBuildFile; fileRef = 904BA4F929167E8F00211064 /* DoneWidget.swift */; };
		904BA4FC29167E9100211064 /* Assets.xcassets in Resources */ = {isa = PBXBuildFile; fileRef = 904BA4FB29167E9100211064 /* Assets.xcassets */; };
		904BA50029167E9100211064 /* DoneWidgetExtension.appex in Embed Foundation Extensions */ = {isa = PBXBuildFile; fileRef = 904BA4F029167E8F00211064 /* DoneWidgetExtension.appex */; settings = {ATTRIBUTES = (RemoveHeadersOnCopy, ); }; };
		904BA5072916878D00211064 /* SharedUserDefaults.swift in Sources */ = {isa = PBXBuildFile; fileRef = 904BA5062916878D00211064 /* SharedUserDefaults.swift */; };
		904BA5082916878D00211064 /* SharedUserDefaults.swift in Sources */ = {isa = PBXBuildFile; fileRef = 904BA5062916878D00211064 /* SharedUserDefaults.swift */; };
		904BA50B2916BE3400211064 /* DoneWidgetTaskCell.swift in Sources */ = {isa = PBXBuildFile; fileRef = 904BA50A2916BE3400211064 /* DoneWidgetTaskCell.swift */; };
		904BA50C2916BE3400211064 /* DoneWidgetTaskCell.swift in Sources */ = {isa = PBXBuildFile; fileRef = 904BA50A2916BE3400211064 /* DoneWidgetTaskCell.swift */; };
		904BA50D2916BF6300211064 /* StringExtension.swift in Sources */ = {isa = PBXBuildFile; fileRef = 1D7E607D29119DF80077BA20 /* StringExtension.swift */; };
		907BA646291976E200603EE6 /* Localizable.strings in Resources */ = {isa = PBXBuildFile; fileRef = D9E3AEFC290EE94500F652D0 /* Localizable.strings */; };
		D9E3AEFA290EE94500F652D0 /* Localizable.strings in Resources */ = {isa = PBXBuildFile; fileRef = D9E3AEFC290EE94500F652D0 /* Localizable.strings */; };
/* End PBXBuildFile section */

/* Begin PBXContainerItemProxy section */
		904BA4FE29167E9100211064 /* PBXContainerItemProxy */ = {
			isa = PBXContainerItemProxy;
			containerPortal = 1DD2833C287C7C5F0095880A /* Project object */;
			proxyType = 1;
			remoteGlobalIDString = 904BA4EF29167E8F00211064;
			remoteInfo = DoneWidgetExtension;
		};
/* End PBXContainerItemProxy section */

/* Begin PBXCopyFilesBuildPhase section */
		904BA50129167E9100211064 /* Embed Foundation Extensions */ = {
			isa = PBXCopyFilesBuildPhase;
			buildActionMask = 2147483647;
			dstPath = "";
			dstSubfolderSpec = 13;
			files = (
				904BA50029167E9100211064 /* DoneWidgetExtension.appex in Embed Foundation Extensions */,
			);
			name = "Embed Foundation Extensions";
			runOnlyForDeploymentPostprocessing = 0;
		};
/* End PBXCopyFilesBuildPhase section */

/* Begin PBXFileReference section */
		1D052F5C288095EE007DDB87 /* TaskCell.swift */ = {isa = PBXFileReference; lastKnownFileType = sourcecode.swift; path = TaskCell.swift; sourceTree = "<group>"; };
		1D052F5E28809803007DDB87 /* EmptyTaskView.swift */ = {isa = PBXFileReference; lastKnownFileType = sourcecode.swift; path = EmptyTaskView.swift; sourceTree = "<group>"; };
		1D164BE6290DB9B000BBA9C9 /* TaskCellManageButtons.swift */ = {isa = PBXFileReference; lastKnownFileType = sourcecode.swift; path = TaskCellManageButtons.swift; sourceTree = "<group>"; };
		1D32BF45288082DC003FB38F /* GoogleService-Info.plist */ = {isa = PBXFileReference; fileEncoding = 4; lastKnownFileType = text.plist.xml; path = "GoogleService-Info.plist"; sourceTree = "<group>"; };
		1D36B7C3290EACA0002D66CF /* AddTaskView.swift */ = {isa = PBXFileReference; lastKnownFileType = sourcecode.swift; path = AddTaskView.swift; sourceTree = "<group>"; };
		1D7E607D29119DF80077BA20 /* StringExtension.swift */ = {isa = PBXFileReference; lastKnownFileType = sourcecode.swift; path = StringExtension.swift; sourceTree = "<group>"; };
		1DADE8E2287F3F7400F1F495 /* TaskRepository.swift */ = {isa = PBXFileReference; lastKnownFileType = sourcecode.swift; path = TaskRepository.swift; sourceTree = "<group>"; };
		1DADE8E928807AFF00F1F495 /* Done.entitlements */ = {isa = PBXFileReference; lastKnownFileType = text.plist.entitlements; path = Done.entitlements; sourceTree = "<group>"; };
		1DD28344287C7C5F0095880A /* Done.app */ = {isa = PBXFileReference; explicitFileType = wrapper.application; includeInIndex = 0; path = Done.app; sourceTree = BUILT_PRODUCTS_DIR; };
		1DD28347287C7C5F0095880A /* DoneApp.swift */ = {isa = PBXFileReference; lastKnownFileType = sourcecode.swift; path = DoneApp.swift; sourceTree = "<group>"; };
		1DD2834B287C7C620095880A /* Assets.xcassets */ = {isa = PBXFileReference; lastKnownFileType = folder.assetcatalog; path = Assets.xcassets; sourceTree = "<group>"; };
		1DD2834E287C7C620095880A /* Preview Assets.xcassets */ = {isa = PBXFileReference; lastKnownFileType = folder.assetcatalog; path = "Preview Assets.xcassets"; sourceTree = "<group>"; };
		1DD2835C287C80420095880A /* Info.plist */ = {isa = PBXFileReference; lastKnownFileType = text.plist; path = Info.plist; sourceTree = "<group>"; };
		1DD28374287C87810095880A /* HomeView.swift */ = {isa = PBXFileReference; lastKnownFileType = sourcecode.swift; path = HomeView.swift; sourceTree = "<group>"; };
		1DD2837D287DEC850095880A /* Task.swift */ = {isa = PBXFileReference; lastKnownFileType = sourcecode.swift; path = Task.swift; sourceTree = "<group>"; };
		1DD2837F287DF1E30095880A /* TaskCellViewModel.swift */ = {isa = PBXFileReference; lastKnownFileType = sourcecode.swift; path = TaskCellViewModel.swift; sourceTree = "<group>"; };
		1DD28381287DF36D0095880A /* TaskListViewModel.swift */ = {isa = PBXFileReference; lastKnownFileType = sourcecode.swift; path = TaskListViewModel.swift; sourceTree = "<group>"; };
		904BA4F029167E8F00211064 /* DoneWidgetExtension.appex */ = {isa = PBXFileReference; explicitFileType = "wrapper.app-extension"; includeInIndex = 0; path = DoneWidgetExtension.appex; sourceTree = BUILT_PRODUCTS_DIR; };
		904BA4F229167E8F00211064 /* WidgetKit.framework */ = {isa = PBXFileReference; lastKnownFileType = wrapper.framework; name = WidgetKit.framework; path = System/Library/Frameworks/WidgetKit.framework; sourceTree = SDKROOT; };
		904BA4F429167E8F00211064 /* SwiftUI.framework */ = {isa = PBXFileReference; lastKnownFileType = wrapper.framework; name = SwiftUI.framework; path = System/Library/Frameworks/SwiftUI.framework; sourceTree = SDKROOT; };
		904BA4F729167E8F00211064 /* DoneWidgetBundle.swift */ = {isa = PBXFileReference; lastKnownFileType = sourcecode.swift; path = DoneWidgetBundle.swift; sourceTree = "<group>"; };
		904BA4F929167E8F00211064 /* DoneWidget.swift */ = {isa = PBXFileReference; lastKnownFileType = sourcecode.swift; path = DoneWidget.swift; sourceTree = "<group>"; };
		904BA4FB29167E9100211064 /* Assets.xcassets */ = {isa = PBXFileReference; lastKnownFileType = folder.assetcatalog; path = Assets.xcassets; sourceTree = "<group>"; };
		904BA4FD29167E9100211064 /* Info.plist */ = {isa = PBXFileReference; lastKnownFileType = text.plist.xml; path = Info.plist; sourceTree = "<group>"; };
		904BA5052916877200211064 /* DoneWidgetExtension.entitlements */ = {isa = PBXFileReference; lastKnownFileType = text.plist.entitlements; path = DoneWidgetExtension.entitlements; sourceTree = "<group>"; };
		904BA5062916878D00211064 /* SharedUserDefaults.swift */ = {isa = PBXFileReference; lastKnownFileType = sourcecode.swift; path = SharedUserDefaults.swift; sourceTree = "<group>"; };
		904BA50A2916BE3400211064 /* DoneWidgetTaskCell.swift */ = {isa = PBXFileReference; lastKnownFileType = sourcecode.swift; path = DoneWidgetTaskCell.swift; sourceTree = "<group>"; };
		D9E3AEFB290EE94500F652D0 /* tr */ = {isa = PBXFileReference; lastKnownFileType = text.plist.strings; name = tr; path = tr.lproj/Localizable.strings; sourceTree = "<group>"; };
		D9E3AEFD290EE94F00F652D0 /* en */ = {isa = PBXFileReference; lastKnownFileType = text.plist.strings; name = en; path = en.lproj/Localizable.strings; sourceTree = "<group>"; };
/* End PBXFileReference section */

/* Begin PBXFrameworksBuildPhase section */
		1DD28341287C7C5F0095880A /* Frameworks */ = {
			isa = PBXFrameworksBuildPhase;
			buildActionMask = 2147483647;
			files = (
				1DD28359287C7E280095880A /* FirebaseAnalytics in Frameworks */,
				1DD28366287C81630095880A /* GoogleSignIn in Frameworks */,
				1DD28363287C80CE0095880A /* FirebaseAuth in Frameworks */,
				1DADE8DE287F3E6800F1F495 /* FirebaseFirestore in Frameworks */,
				1DD2835B287C7E280095880A /* FirebaseAuth in Frameworks */,
				1DADE8E0287F3E6800F1F495 /* FirebaseFirestoreSwift in Frameworks */,
			);
			runOnlyForDeploymentPostprocessing = 0;
		};
		904BA4ED29167E8F00211064 /* Frameworks */ = {
			isa = PBXFrameworksBuildPhase;
			buildActionMask = 2147483647;
			files = (
				904BA4F529167E8F00211064 /* SwiftUI.framework in Frameworks */,
				904BA4F329167E8F00211064 /* WidgetKit.framework in Frameworks */,
			);
			runOnlyForDeploymentPostprocessing = 0;
		};
/* End PBXFrameworksBuildPhase section */

/* Begin PBXGroup section */
		1D7E607A29119A420077BA20 /* Extensions */ = {
			isa = PBXGroup;
			children = (
				1D7E607D29119DF80077BA20 /* StringExtension.swift */,
			);
			path = Extensions;
			sourceTree = "<group>";
		};
		1DADE8E1287F3F4800F1F495 /* Repositories */ = {
			isa = PBXGroup;
			children = (
				1DADE8E2287F3F7400F1F495 /* TaskRepository.swift */,
			);
			path = Repositories;
			sourceTree = "<group>";
		};
		1DD2833B287C7C5F0095880A = {
			isa = PBXGroup;
			children = (
				904BA5052916877200211064 /* DoneWidgetExtension.entitlements */,
				1DD28346287C7C5F0095880A /* Done */,
				904BA4F629167E8F00211064 /* DoneWidget */,
				904BA4F129167E8F00211064 /* Frameworks */,
				1DD28345287C7C5F0095880A /* Products */,
			);
			sourceTree = "<group>";
		};
		1DD28345287C7C5F0095880A /* Products */ = {
			isa = PBXGroup;
			children = (
				1DD28344287C7C5F0095880A /* Done.app */,
				904BA4F029167E8F00211064 /* DoneWidgetExtension.appex */,
			);
			name = Products;
			sourceTree = "<group>";
		};
		1DD28346287C7C5F0095880A /* Done */ = {
			isa = PBXGroup;
			children = (
				1DADE8E928807AFF00F1F495 /* Done.entitlements */,
				1DD28347287C7C5F0095880A /* DoneApp.swift */,
				1DADE8E1287F3F4800F1F495 /* Repositories */,
				1DD2835D287C80600095880A /* View */,
				1DD2837C287DEC7D0095880A /* Model */,
				1DD28371287C87530095880A /* ViewModel */,
				1DD28367287C83060095880A /* Components */,
				1D7E607A29119A420077BA20 /* Extensions */,
				904BA50E2916D78100211064 /* Shared */,
				1DD2835C287C80420095880A /* Info.plist */,
				1D32BF45288082DC003FB38F /* GoogleService-Info.plist */,
				D9E3AEFC290EE94500F652D0 /* Localizable.strings */,
				1DD2834B287C7C620095880A /* Assets.xcassets */,
				1DD2834D287C7C620095880A /* Preview Content */,
			);
			path = Done;
			sourceTree = "<group>";
		};
		1DD2834D287C7C620095880A /* Preview Content */ = {
			isa = PBXGroup;
			children = (
				1DD2834E287C7C620095880A /* Preview Assets.xcassets */,
			);
			path = "Preview Content";
			sourceTree = "<group>";
		};
		1DD2835D287C80600095880A /* View */ = {
			isa = PBXGroup;
			children = (
				1DD28374287C87810095880A /* HomeView.swift */,
				1D36B7C3290EACA0002D66CF /* AddTaskView.swift */,
			);
			path = View;
			sourceTree = "<group>";
		};
		1DD28367287C83060095880A /* Components */ = {
			isa = PBXGroup;
			children = (
				1D052F5C288095EE007DDB87 /* TaskCell.swift */,
				1D052F5E28809803007DDB87 /* EmptyTaskView.swift */,
				1D164BE6290DB9B000BBA9C9 /* TaskCellManageButtons.swift */,
			);
			path = Components;
			sourceTree = "<group>";
		};
		1DD28371287C87530095880A /* ViewModel */ = {
			isa = PBXGroup;
			children = (
				1DD2837F287DF1E30095880A /* TaskCellViewModel.swift */,
				1DD28381287DF36D0095880A /* TaskListViewModel.swift */,
			);
			path = ViewModel;
			sourceTree = "<group>";
		};
		1DD2837C287DEC7D0095880A /* Model */ = {
			isa = PBXGroup;
			children = (
				1DD2837D287DEC850095880A /* Task.swift */,
			);
			path = Model;
			sourceTree = "<group>";
		};
		904BA4F129167E8F00211064 /* Frameworks */ = {
			isa = PBXGroup;
			children = (
				904BA4F229167E8F00211064 /* WidgetKit.framework */,
				904BA4F429167E8F00211064 /* SwiftUI.framework */,
			);
			name = Frameworks;
			sourceTree = "<group>";
		};
		904BA4F629167E8F00211064 /* DoneWidget */ = {
			isa = PBXGroup;
			children = (
				904BA4F929167E8F00211064 /* DoneWidget.swift */,
				904BA50A2916BE3400211064 /* DoneWidgetTaskCell.swift */,
				904BA4F729167E8F00211064 /* DoneWidgetBundle.swift */,
				904BA4FB29167E9100211064 /* Assets.xcassets */,
				904BA4FD29167E9100211064 /* Info.plist */,
			);
			path = DoneWidget;
			sourceTree = "<group>";
		};
		904BA50E2916D78100211064 /* Shared */ = {
			isa = PBXGroup;
			children = (
				904BA5062916878D00211064 /* SharedUserDefaults.swift */,
			);
			path = Shared;
			sourceTree = "<group>";
		};
/* End PBXGroup section */

/* Begin PBXNativeTarget section */
		1DD28343287C7C5F0095880A /* Done */ = {
			isa = PBXNativeTarget;
			buildConfigurationList = 1DD28352287C7C620095880A /* Build configuration list for PBXNativeTarget "Done" */;
			buildPhases = (
				1DD28340287C7C5F0095880A /* Sources */,
				1DD28341287C7C5F0095880A /* Frameworks */,
				1DD28342287C7C5F0095880A /* Resources */,
				904BA50129167E9100211064 /* Embed Foundation Extensions */,
			);
			buildRules = (
			);
			dependencies = (
				904BA4FF29167E9100211064 /* PBXTargetDependency */,
			);
			name = Done;
			packageProductDependencies = (
				1DD28358287C7E280095880A /* FirebaseAnalytics */,
				1DD2835A287C7E280095880A /* FirebaseAuth */,
				1DD28362287C80CE0095880A /* FirebaseAuth */,
				1DD28365287C81630095880A /* GoogleSignIn */,
				1DADE8DD287F3E6800F1F495 /* FirebaseFirestore */,
				1DADE8DF287F3E6800F1F495 /* FirebaseFirestoreSwift */,
			);
			productName = Done;
			productReference = 1DD28344287C7C5F0095880A /* Done.app */;
			productType = "com.apple.product-type.application";
		};
		904BA4EF29167E8F00211064 /* DoneWidgetExtension */ = {
			isa = PBXNativeTarget;
			buildConfigurationList = 904BA50429167E9100211064 /* Build configuration list for PBXNativeTarget "DoneWidgetExtension" */;
			buildPhases = (
				904BA4EC29167E8F00211064 /* Sources */,
				904BA4ED29167E8F00211064 /* Frameworks */,
				904BA4EE29167E8F00211064 /* Resources */,
			);
			buildRules = (
			);
			dependencies = (
			);
			name = DoneWidgetExtension;
			productName = DoneWidgetExtension;
			productReference = 904BA4F029167E8F00211064 /* DoneWidgetExtension.appex */;
			productType = "com.apple.product-type.app-extension";
		};
/* End PBXNativeTarget section */

/* Begin PBXProject section */
		1DD2833C287C7C5F0095880A /* Project object */ = {
			isa = PBXProject;
			attributes = {
				BuildIndependentTargetsInParallel = 1;
				LastSwiftUpdateCheck = 1410;
				LastUpgradeCheck = 1340;
				TargetAttributes = {
					1DD28343287C7C5F0095880A = {
						CreatedOnToolsVersion = 13.4.1;
					};
					904BA4EF29167E8F00211064 = {
						CreatedOnToolsVersion = 14.1;
					};
				};
			};
			buildConfigurationList = 1DD2833F287C7C5F0095880A /* Build configuration list for PBXProject "Done" */;
			compatibilityVersion = "Xcode 13.0";
			developmentRegion = en;
			hasScannedForEncodings = 0;
			knownRegions = (
				en,
				Base,
				tr,
			);
			mainGroup = 1DD2833B287C7C5F0095880A;
			packageReferences = (
				1DD28357287C7E280095880A /* XCRemoteSwiftPackageReference "firebase-ios-sdk" */,
				1DD28364287C81630095880A /* XCRemoteSwiftPackageReference "GoogleSignIn-iOS" */,
			);
			productRefGroup = 1DD28345287C7C5F0095880A /* Products */;
			projectDirPath = "";
			projectRoot = "";
			targets = (
				1DD28343287C7C5F0095880A /* Done */,
				904BA4EF29167E8F00211064 /* DoneWidgetExtension */,
			);
		};
/* End PBXProject section */

/* Begin PBXResourcesBuildPhase section */
		1DD28342287C7C5F0095880A /* Resources */ = {
			isa = PBXResourcesBuildPhase;
			buildActionMask = 2147483647;
			files = (
				1DD2834F287C7C620095880A /* Preview Assets.xcassets in Resources */,
				D9E3AEFA290EE94500F652D0 /* Localizable.strings in Resources */,
				1DD2834C287C7C620095880A /* Assets.xcassets in Resources */,
				1D32BF46288082DC003FB38F /* GoogleService-Info.plist in Resources */,
			);
			runOnlyForDeploymentPostprocessing = 0;
		};
		904BA4EE29167E8F00211064 /* Resources */ = {
			isa = PBXResourcesBuildPhase;
			buildActionMask = 2147483647;
			files = (
				904BA4FC29167E9100211064 /* Assets.xcassets in Resources */,
				907BA646291976E200603EE6 /* Localizable.strings in Resources */,
			);
			runOnlyForDeploymentPostprocessing = 0;
		};
/* End PBXResourcesBuildPhase section */

/* Begin PBXSourcesBuildPhase section */
		1DD28340287C7C5F0095880A /* Sources */ = {
			isa = PBXSourcesBuildPhase;
			buildActionMask = 2147483647;
			files = (
				904BA50B2916BE3400211064 /* DoneWidgetTaskCell.swift in Sources */,
				1DADE8E3287F3F7400F1F495 /* TaskRepository.swift in Sources */,
				1D052F5F28809803007DDB87 /* EmptyTaskView.swift in Sources */,
				1D7E607E29119DF80077BA20 /* StringExtension.swift in Sources */,
				904BA5072916878D00211064 /* SharedUserDefaults.swift in Sources */,
				1DD2837E287DEC850095880A /* Task.swift in Sources */,
				1D164BE7290DB9B000BBA9C9 /* TaskCellManageButtons.swift in Sources */,
				1DD28348287C7C5F0095880A /* DoneApp.swift in Sources */,
				1DA716EC28F744E5002E32AF /* HomeView.swift in Sources */,
				1D052F5D288095EE007DDB87 /* TaskCell.swift in Sources */,
				1D36B7C4290EACA0002D66CF /* AddTaskView.swift in Sources */,
				1DD28380287DF1E30095880A /* TaskCellViewModel.swift in Sources */,
				1DD28382287DF36D0095880A /* TaskListViewModel.swift in Sources */,
			);
			runOnlyForDeploymentPostprocessing = 0;
		};
		904BA4EC29167E8F00211064 /* Sources */ = {
			isa = PBXSourcesBuildPhase;
			buildActionMask = 2147483647;
			files = (
				904BA50C2916BE3400211064 /* DoneWidgetTaskCell.swift in Sources */,
				904BA5082916878D00211064 /* SharedUserDefaults.swift in Sources */,
				904BA50D2916BF6300211064 /* StringExtension.swift in Sources */,
				904BA4F829167E8F00211064 /* DoneWidgetBundle.swift in Sources */,
				904BA4FA29167E8F00211064 /* DoneWidget.swift in Sources */,
			);
			runOnlyForDeploymentPostprocessing = 0;
		};
/* End PBXSourcesBuildPhase section */

/* Begin PBXTargetDependency section */
		904BA4FF29167E9100211064 /* PBXTargetDependency */ = {
			isa = PBXTargetDependency;
			target = 904BA4EF29167E8F00211064 /* DoneWidgetExtension */;
			targetProxy = 904BA4FE29167E9100211064 /* PBXContainerItemProxy */;
		};
/* End PBXTargetDependency section */

/* Begin PBXVariantGroup section */
		D9E3AEFC290EE94500F652D0 /* Localizable.strings */ = {
			isa = PBXVariantGroup;
			children = (
				D9E3AEFB290EE94500F652D0 /* tr */,
				D9E3AEFD290EE94F00F652D0 /* en */,
			);
			name = Localizable.strings;
			sourceTree = "<group>";
		};
/* End PBXVariantGroup section */

/* Begin XCBuildConfiguration section */
		1DD28350287C7C620095880A /* Debug */ = {
			isa = XCBuildConfiguration;
			buildSettings = {
				ALWAYS_SEARCH_USER_PATHS = NO;
				CLANG_ANALYZER_NONNULL = YES;
				CLANG_ANALYZER_NUMBER_OBJECT_CONVERSION = YES_AGGRESSIVE;
				CLANG_CXX_LANGUAGE_STANDARD = "gnu++17";
				CLANG_ENABLE_MODULES = YES;
				CLANG_ENABLE_OBJC_ARC = YES;
				CLANG_ENABLE_OBJC_WEAK = YES;
				CLANG_WARN_BLOCK_CAPTURE_AUTORELEASING = YES;
				CLANG_WARN_BOOL_CONVERSION = YES;
				CLANG_WARN_COMMA = YES;
				CLANG_WARN_CONSTANT_CONVERSION = YES;
				CLANG_WARN_DEPRECATED_OBJC_IMPLEMENTATIONS = YES;
				CLANG_WARN_DIRECT_OBJC_ISA_USAGE = YES_ERROR;
				CLANG_WARN_DOCUMENTATION_COMMENTS = YES;
				CLANG_WARN_EMPTY_BODY = YES;
				CLANG_WARN_ENUM_CONVERSION = YES;
				CLANG_WARN_INFINITE_RECURSION = YES;
				CLANG_WARN_INT_CONVERSION = YES;
				CLANG_WARN_NON_LITERAL_NULL_CONVERSION = YES;
				CLANG_WARN_OBJC_IMPLICIT_RETAIN_SELF = YES;
				CLANG_WARN_OBJC_LITERAL_CONVERSION = YES;
				CLANG_WARN_OBJC_ROOT_CLASS = YES_ERROR;
				CLANG_WARN_QUOTED_INCLUDE_IN_FRAMEWORK_HEADER = YES;
				CLANG_WARN_RANGE_LOOP_ANALYSIS = YES;
				CLANG_WARN_STRICT_PROTOTYPES = YES;
				CLANG_WARN_SUSPICIOUS_MOVE = YES;
				CLANG_WARN_UNGUARDED_AVAILABILITY = YES_AGGRESSIVE;
				CLANG_WARN_UNREACHABLE_CODE = YES;
				CLANG_WARN__DUPLICATE_METHOD_MATCH = YES;
				COPY_PHASE_STRIP = NO;
				DEBUG_INFORMATION_FORMAT = dwarf;
				ENABLE_STRICT_OBJC_MSGSEND = YES;
				ENABLE_TESTABILITY = YES;
				GCC_C_LANGUAGE_STANDARD = gnu11;
				GCC_DYNAMIC_NO_PIC = NO;
				GCC_NO_COMMON_BLOCKS = YES;
				GCC_OPTIMIZATION_LEVEL = 0;
				GCC_PREPROCESSOR_DEFINITIONS = (
					"DEBUG=1",
					"$(inherited)",
				);
				GCC_WARN_64_TO_32_BIT_CONVERSION = YES;
				GCC_WARN_ABOUT_RETURN_TYPE = YES_ERROR;
				GCC_WARN_UNDECLARED_SELECTOR = YES;
				GCC_WARN_UNINITIALIZED_AUTOS = YES_AGGRESSIVE;
				GCC_WARN_UNUSED_FUNCTION = YES;
				GCC_WARN_UNUSED_VARIABLE = YES;
				IPHONEOS_DEPLOYMENT_TARGET = 13.0;
				MTL_ENABLE_DEBUG_INFO = INCLUDE_SOURCE;
				MTL_FAST_MATH = YES;
				ONLY_ACTIVE_ARCH = YES;
				SDKROOT = iphoneos;
				SWIFT_ACTIVE_COMPILATION_CONDITIONS = DEBUG;
				SWIFT_OPTIMIZATION_LEVEL = "-Onone";
			};
			name = Debug;
		};
		1DD28351287C7C620095880A /* Release */ = {
			isa = XCBuildConfiguration;
			buildSettings = {
				ALWAYS_SEARCH_USER_PATHS = NO;
				CLANG_ANALYZER_NONNULL = YES;
				CLANG_ANALYZER_NUMBER_OBJECT_CONVERSION = YES_AGGRESSIVE;
				CLANG_CXX_LANGUAGE_STANDARD = "gnu++17";
				CLANG_ENABLE_MODULES = YES;
				CLANG_ENABLE_OBJC_ARC = YES;
				CLANG_ENABLE_OBJC_WEAK = YES;
				CLANG_WARN_BLOCK_CAPTURE_AUTORELEASING = YES;
				CLANG_WARN_BOOL_CONVERSION = YES;
				CLANG_WARN_COMMA = YES;
				CLANG_WARN_CONSTANT_CONVERSION = YES;
				CLANG_WARN_DEPRECATED_OBJC_IMPLEMENTATIONS = YES;
				CLANG_WARN_DIRECT_OBJC_ISA_USAGE = YES_ERROR;
				CLANG_WARN_DOCUMENTATION_COMMENTS = YES;
				CLANG_WARN_EMPTY_BODY = YES;
				CLANG_WARN_ENUM_CONVERSION = YES;
				CLANG_WARN_INFINITE_RECURSION = YES;
				CLANG_WARN_INT_CONVERSION = YES;
				CLANG_WARN_NON_LITERAL_NULL_CONVERSION = YES;
				CLANG_WARN_OBJC_IMPLICIT_RETAIN_SELF = YES;
				CLANG_WARN_OBJC_LITERAL_CONVERSION = YES;
				CLANG_WARN_OBJC_ROOT_CLASS = YES_ERROR;
				CLANG_WARN_QUOTED_INCLUDE_IN_FRAMEWORK_HEADER = YES;
				CLANG_WARN_RANGE_LOOP_ANALYSIS = YES;
				CLANG_WARN_STRICT_PROTOTYPES = YES;
				CLANG_WARN_SUSPICIOUS_MOVE = YES;
				CLANG_WARN_UNGUARDED_AVAILABILITY = YES_AGGRESSIVE;
				CLANG_WARN_UNREACHABLE_CODE = YES;
				CLANG_WARN__DUPLICATE_METHOD_MATCH = YES;
				COPY_PHASE_STRIP = NO;
				DEBUG_INFORMATION_FORMAT = "dwarf-with-dsym";
				ENABLE_NS_ASSERTIONS = NO;
				ENABLE_STRICT_OBJC_MSGSEND = YES;
				GCC_C_LANGUAGE_STANDARD = gnu11;
				GCC_NO_COMMON_BLOCKS = YES;
				GCC_WARN_64_TO_32_BIT_CONVERSION = YES;
				GCC_WARN_ABOUT_RETURN_TYPE = YES_ERROR;
				GCC_WARN_UNDECLARED_SELECTOR = YES;
				GCC_WARN_UNINITIALIZED_AUTOS = YES_AGGRESSIVE;
				GCC_WARN_UNUSED_FUNCTION = YES;
				GCC_WARN_UNUSED_VARIABLE = YES;
				IPHONEOS_DEPLOYMENT_TARGET = 13.0;
				MTL_ENABLE_DEBUG_INFO = NO;
				MTL_FAST_MATH = YES;
				SDKROOT = iphoneos;
				SWIFT_COMPILATION_MODE = wholemodule;
				SWIFT_OPTIMIZATION_LEVEL = "-O";
				VALIDATE_PRODUCT = YES;
			};
			name = Release;
		};
		1DD28353287C7C620095880A /* Debug */ = {
			isa = XCBuildConfiguration;
			buildSettings = {
				ALWAYS_EMBED_SWIFT_STANDARD_LIBRARIES = YES;
				ASSETCATALOG_COMPILER_APPICON_NAME = AppIcon;
				ASSETCATALOG_COMPILER_GLOBAL_ACCENT_COLOR_NAME = AccentColor;
				CODE_SIGN_ENTITLEMENTS = Done/Done.entitlements;
				CODE_SIGN_STYLE = Automatic;
				CURRENT_PROJECT_VERSION = 1;
				DEVELOPMENT_ASSET_PATHS = "\"Done/Preview Content\"";
				DEVELOPMENT_TEAM = C7WG386WRN;
				ENABLE_PREVIEWS = YES;
				GENERATE_INFOPLIST_FILE = YES;
				INFOPLIST_FILE = Done/Info.plist;
				INFOPLIST_KEY_CFBundleDisplayName = "Done!";
				INFOPLIST_KEY_LSApplicationCategoryType = "public.app-category.productivity";
				INFOPLIST_KEY_UIApplicationSceneManifest_Generation = YES;
				INFOPLIST_KEY_UIApplicationSupportsIndirectInputEvents = YES;
				INFOPLIST_KEY_UILaunchScreen_Generation = YES;
				INFOPLIST_KEY_UISupportedInterfaceOrientations = UIInterfaceOrientationPortrait;
				INFOPLIST_KEY_UISupportedInterfaceOrientations_iPad = "UIInterfaceOrientationLandscapeLeft UIInterfaceOrientationLandscapeRight UIInterfaceOrientationPortrait UIInterfaceOrientationPortraitUpsideDown";
				IPHONEOS_DEPLOYMENT_TARGET = 16.0;
				LD_RUNPATH_SEARCH_PATHS = (
					"$(inherited)",
					"@executable_path/Frameworks",
				);
				MARKETING_VERSION = 1.0;
				PRODUCT_BUNDLE_IDENTIFIER = com.oguzkr.DoneApp;
				PRODUCT_NAME = "$(TARGET_NAME)";
				SWIFT_EMIT_LOC_STRINGS = YES;
				SWIFT_VERSION = 5.0;
				TARGETED_DEVICE_FAMILY = 1;
			};
			name = Debug;
		};
		1DD28354287C7C620095880A /* Release */ = {
			isa = XCBuildConfiguration;
			buildSettings = {
				ALWAYS_EMBED_SWIFT_STANDARD_LIBRARIES = YES;
				ASSETCATALOG_COMPILER_APPICON_NAME = AppIcon;
				ASSETCATALOG_COMPILER_GLOBAL_ACCENT_COLOR_NAME = AccentColor;
				CODE_SIGN_ENTITLEMENTS = Done/Done.entitlements;
				CODE_SIGN_STYLE = Automatic;
				CURRENT_PROJECT_VERSION = 1;
				DEVELOPMENT_ASSET_PATHS = "\"Done/Preview Content\"";
				DEVELOPMENT_TEAM = C7WG386WRN;
				ENABLE_PREVIEWS = YES;
				GENERATE_INFOPLIST_FILE = YES;
				INFOPLIST_FILE = Done/Info.plist;
				INFOPLIST_KEY_CFBundleDisplayName = "Done!";
				INFOPLIST_KEY_LSApplicationCategoryType = "public.app-category.productivity";
				INFOPLIST_KEY_UIApplicationSceneManifest_Generation = YES;
				INFOPLIST_KEY_UIApplicationSupportsIndirectInputEvents = YES;
				INFOPLIST_KEY_UILaunchScreen_Generation = YES;
				INFOPLIST_KEY_UISupportedInterfaceOrientations = UIInterfaceOrientationPortrait;
				INFOPLIST_KEY_UISupportedInterfaceOrientations_iPad = "UIInterfaceOrientationLandscapeLeft UIInterfaceOrientationLandscapeRight UIInterfaceOrientationPortrait UIInterfaceOrientationPortraitUpsideDown";
				IPHONEOS_DEPLOYMENT_TARGET = 16.0;
				LD_RUNPATH_SEARCH_PATHS = (
					"$(inherited)",
					"@executable_path/Frameworks",
				);
				MARKETING_VERSION = 1.0;
				PRODUCT_BUNDLE_IDENTIFIER = com.oguzkr.DoneApp;
				PRODUCT_NAME = "$(TARGET_NAME)";
				SWIFT_EMIT_LOC_STRINGS = YES;
				SWIFT_VERSION = 5.0;
				TARGETED_DEVICE_FAMILY = 1;
			};
			name = Release;
		};
		904BA50229167E9100211064 /* Debug */ = {
			isa = XCBuildConfiguration;
			buildSettings = {
				ASSETCATALOG_COMPILER_GLOBAL_ACCENT_COLOR_NAME = AccentColor;
				ASSETCATALOG_COMPILER_WIDGET_BACKGROUND_COLOR_NAME = WidgetBackground;
				CLANG_CXX_LANGUAGE_STANDARD = "gnu++20";
				CODE_SIGN_ENTITLEMENTS = DoneWidgetExtension.entitlements;
				CODE_SIGN_STYLE = Automatic;
				CURRENT_PROJECT_VERSION = 1;
				DEVELOPMENT_TEAM = C7WG386WRN;
				GENERATE_INFOPLIST_FILE = YES;
				INFOPLIST_FILE = DoneWidget/Info.plist;
				INFOPLIST_KEY_CFBundleDisplayName = DoneWidget;
				INFOPLIST_KEY_NSHumanReadableCopyright = "";
				IPHONEOS_DEPLOYMENT_TARGET = 16.1;
				LD_RUNPATH_SEARCH_PATHS = (
					"$(inherited)",
					"@executable_path/Frameworks",
					"@executable_path/../../Frameworks",
				);
				MARKETING_VERSION = 1.0;
				PRODUCT_BUNDLE_IDENTIFIER = com.oguzkr.DoneApp.DoneWidget;
				PRODUCT_NAME = "$(TARGET_NAME)";
				SKIP_INSTALL = YES;
				SWIFT_EMIT_LOC_STRINGS = YES;
				SWIFT_VERSION = 5.0;
				TARGETED_DEVICE_FAMILY = "1,2";
			};
			name = Debug;
		};
		904BA50329167E9100211064 /* Release */ = {
			isa = XCBuildConfiguration;
			buildSettings = {
				ASSETCATALOG_COMPILER_GLOBAL_ACCENT_COLOR_NAME = AccentColor;
				ASSETCATALOG_COMPILER_WIDGET_BACKGROUND_COLOR_NAME = WidgetBackground;
				CLANG_CXX_LANGUAGE_STANDARD = "gnu++20";
				CODE_SIGN_ENTITLEMENTS = DoneWidgetExtension.entitlements;
				CODE_SIGN_STYLE = Automatic;
				CURRENT_PROJECT_VERSION = 1;
				DEVELOPMENT_TEAM = C7WG386WRN;
				GENERATE_INFOPLIST_FILE = YES;
				INFOPLIST_FILE = DoneWidget/Info.plist;
				INFOPLIST_KEY_CFBundleDisplayName = DoneWidget;
				INFOPLIST_KEY_NSHumanReadableCopyright = "";
				IPHONEOS_DEPLOYMENT_TARGET = 16.1;
				LD_RUNPATH_SEARCH_PATHS = (
					"$(inherited)",
					"@executable_path/Frameworks",
					"@executable_path/../../Frameworks",
				);
				MARKETING_VERSION = 1.0;
				PRODUCT_BUNDLE_IDENTIFIER = com.oguzkr.DoneApp.DoneWidget;
				PRODUCT_NAME = "$(TARGET_NAME)";
				SKIP_INSTALL = YES;
				SWIFT_EMIT_LOC_STRINGS = YES;
				SWIFT_VERSION = 5.0;
				TARGETED_DEVICE_FAMILY = "1,2";
			};
			name = Release;
		};
/* End XCBuildConfiguration section */

/* Begin XCConfigurationList section */
		1DD2833F287C7C5F0095880A /* Build configuration list for PBXProject "Done" */ = {
			isa = XCConfigurationList;
			buildConfigurations = (
				1DD28350287C7C620095880A /* Debug */,
				1DD28351287C7C620095880A /* Release */,
			);
			defaultConfigurationIsVisible = 0;
			defaultConfigurationName = Release;
		};
		1DD28352287C7C620095880A /* Build configuration list for PBXNativeTarget "Done" */ = {
			isa = XCConfigurationList;
			buildConfigurations = (
				1DD28353287C7C620095880A /* Debug */,
				1DD28354287C7C620095880A /* Release */,
			);
			defaultConfigurationIsVisible = 0;
			defaultConfigurationName = Release;
		};
		904BA50429167E9100211064 /* Build configuration list for PBXNativeTarget "DoneWidgetExtension" */ = {
			isa = XCConfigurationList;
			buildConfigurations = (
				904BA50229167E9100211064 /* Debug */,
				904BA50329167E9100211064 /* Release */,
			);
			defaultConfigurationIsVisible = 0;
			defaultConfigurationName = Release;
		};
/* End XCConfigurationList section */

/* Begin XCRemoteSwiftPackageReference section */
		1DD28357287C7E280095880A /* XCRemoteSwiftPackageReference "firebase-ios-sdk" */ = {
			isa = XCRemoteSwiftPackageReference;
			repositoryURL = "https://github.com/firebase/firebase-ios-sdk";
			requirement = {
				kind = upToNextMajorVersion;
				minimumVersion = 9.0.0;
			};
		};
		1DD28364287C81630095880A /* XCRemoteSwiftPackageReference "GoogleSignIn-iOS" */ = {
			isa = XCRemoteSwiftPackageReference;
			repositoryURL = "https://github.com/google/GoogleSignIn-iOS";
			requirement = {
				kind = upToNextMajorVersion;
				minimumVersion = 6.0.0;
			};
		};
/* End XCRemoteSwiftPackageReference section */

/* Begin XCSwiftPackageProductDependency section */
		1DADE8DD287F3E6800F1F495 /* FirebaseFirestore */ = {
			isa = XCSwiftPackageProductDependency;
			package = 1DD28357287C7E280095880A /* XCRemoteSwiftPackageReference "firebase-ios-sdk" */;
			productName = FirebaseFirestore;
		};
		1DADE8DF287F3E6800F1F495 /* FirebaseFirestoreSwift */ = {
			isa = XCSwiftPackageProductDependency;
			package = 1DD28357287C7E280095880A /* XCRemoteSwiftPackageReference "firebase-ios-sdk" */;
			productName = FirebaseFirestoreSwift;
		};
		1DD28358287C7E280095880A /* FirebaseAnalytics */ = {
			isa = XCSwiftPackageProductDependency;
			package = 1DD28357287C7E280095880A /* XCRemoteSwiftPackageReference "firebase-ios-sdk" */;
			productName = FirebaseAnalytics;
		};
		1DD2835A287C7E280095880A /* FirebaseAuth */ = {
			isa = XCSwiftPackageProductDependency;
			package = 1DD28357287C7E280095880A /* XCRemoteSwiftPackageReference "firebase-ios-sdk" */;
			productName = FirebaseAuth;
		};
		1DD28362287C80CE0095880A /* FirebaseAuth */ = {
			isa = XCSwiftPackageProductDependency;
			package = 1DD28357287C7E280095880A /* XCRemoteSwiftPackageReference "firebase-ios-sdk" */;
			productName = FirebaseAuth;
		};
		1DD28365287C81630095880A /* GoogleSignIn */ = {
			isa = XCSwiftPackageProductDependency;
			package = 1DD28364287C81630095880A /* XCRemoteSwiftPackageReference "GoogleSignIn-iOS" */;
			productName = GoogleSignIn;
		};
/* End XCSwiftPackageProductDependency section */
	};
	rootObject = 1DD2833C287C7C5F0095880A /* Project object */;
}
