// !$*UTF8*$!
{
	archiveVersion = 1;
	classes = {
	};
	objectVersion = 55;
	objects = {

/* Begin PBXBuildFile section */
		1D052F5D288095EE007DDB87 /* TaskCell.swift in Sources */ = {isa = PBXBuildFile; fileRef = 1D052F5C288095EE007DDB87 /* TaskCell.swift */; };
		1D052F5F28809803007DDB87 /* EmptyTaskView.swift in Sources */ = {isa = PBXBuildFile; fileRef = 1D052F5E28809803007DDB87 /* EmptyTaskView.swift */; };
		1D32BF46288082DC003FB38F /* GoogleService-Info.plist in Resources */ = {isa = PBXBuildFile; fileRef = 1D32BF45288082DC003FB38F /* GoogleService-Info.plist */; };
		1DA716D528F73C28002E32AF /* Done_App.swift in Sources */ = {isa = PBXBuildFile; fileRef = 1DA716D428F73C28002E32AF /* Done_App.swift */; };
		1DA716D928F73C29002E32AF /* Assets.xcassets in Resources */ = {isa = PBXBuildFile; fileRef = 1DA716D828F73C29002E32AF /* Assets.xcassets */; };
		1DA716DC28F73C29002E32AF /* Preview Assets.xcassets in Resources */ = {isa = PBXBuildFile; fileRef = 1DA716DB28F73C29002E32AF /* Preview Assets.xcassets */; };
		1DA716EC28F744E5002E32AF /* HomeView.swift in Sources */ = {isa = PBXBuildFile; fileRef = 1DD28374287C87810095880A /* HomeView.swift */; };
		1DA716F028F7455F002E32AF /* ContentView.swift in Sources */ = {isa = PBXBuildFile; fileRef = 1DA716D628F73C28002E32AF /* ContentView.swift */; };
		1DA716F328F7469D002E32AF /* ContentView.swift in Sources */ = {isa = PBXBuildFile; fileRef = 1DA716D628F73C28002E32AF /* ContentView.swift */; };
		1DADE8DE287F3E6800F1F495 /* FirebaseFirestore in Frameworks */ = {isa = PBXBuildFile; productRef = 1DADE8DD287F3E6800F1F495 /* FirebaseFirestore */; };
		1DADE8E0287F3E6800F1F495 /* FirebaseFirestoreSwift in Frameworks */ = {isa = PBXBuildFile; productRef = 1DADE8DF287F3E6800F1F495 /* FirebaseFirestoreSwift */; };
		1DADE8E3287F3F7400F1F495 /* TaskRepository.swift in Sources */ = {isa = PBXBuildFile; fileRef = 1DADE8E2287F3F7400F1F495 /* TaskRepository.swift */; };
		1DADE8E52880635500F1F495 /* AppleSignInButton.swift in Sources */ = {isa = PBXBuildFile; fileRef = 1DADE8E42880635500F1F495 /* AppleSignInButton.swift */; };
		1DADE8E82880754D00F1F495 /* SignInWithAppleCoordinator.swift in Sources */ = {isa = PBXBuildFile; fileRef = 1DADE8E72880754D00F1F495 /* SignInWithAppleCoordinator.swift */; };
		1DD28348287C7C5F0095880A /* DoneApp.swift in Sources */ = {isa = PBXBuildFile; fileRef = 1DD28347287C7C5F0095880A /* DoneApp.swift */; };
		1DD2834C287C7C620095880A /* Assets.xcassets in Resources */ = {isa = PBXBuildFile; fileRef = 1DD2834B287C7C620095880A /* Assets.xcassets */; };
		1DD2834F287C7C620095880A /* Preview Assets.xcassets in Resources */ = {isa = PBXBuildFile; fileRef = 1DD2834E287C7C620095880A /* Preview Assets.xcassets */; };
		1DD28359287C7E280095880A /* FirebaseAnalytics in Frameworks */ = {isa = PBXBuildFile; productRef = 1DD28358287C7E280095880A /* FirebaseAnalytics */; };
		1DD2835B287C7E280095880A /* FirebaseAuth in Frameworks */ = {isa = PBXBuildFile; productRef = 1DD2835A287C7E280095880A /* FirebaseAuth */; };
		1DD28363287C80CE0095880A /* FirebaseAuth in Frameworks */ = {isa = PBXBuildFile; productRef = 1DD28362287C80CE0095880A /* FirebaseAuth */; };
		1DD28366287C81630095880A /* GoogleSignIn in Frameworks */ = {isa = PBXBuildFile; productRef = 1DD28365287C81630095880A /* GoogleSignIn */; };
		1DD28373287C87780095880A /* LoginView.swift in Sources */ = {isa = PBXBuildFile; fileRef = 1DD28372287C87780095880A /* LoginView.swift */; };
		1DD2837E287DEC850095880A /* Task.swift in Sources */ = {isa = PBXBuildFile; fileRef = 1DD2837D287DEC850095880A /* Task.swift */; };
		1DD28380287DF1E30095880A /* TaskCellViewModel.swift in Sources */ = {isa = PBXBuildFile; fileRef = 1DD2837F287DF1E30095880A /* TaskCellViewModel.swift */; };
		1DD28382287DF36D0095880A /* TaskListViewModel.swift in Sources */ = {isa = PBXBuildFile; fileRef = 1DD28381287DF36D0095880A /* TaskListViewModel.swift */; };
/* End PBXBuildFile section */

/* Begin PBXFileReference section */
		1D052F5C288095EE007DDB87 /* TaskCell.swift */ = {isa = PBXFileReference; lastKnownFileType = sourcecode.swift; path = TaskCell.swift; sourceTree = "<group>"; };
		1D052F5E28809803007DDB87 /* EmptyTaskView.swift */ = {isa = PBXFileReference; lastKnownFileType = sourcecode.swift; path = EmptyTaskView.swift; sourceTree = "<group>"; };
		1D32BF45288082DC003FB38F /* GoogleService-Info.plist */ = {isa = PBXFileReference; fileEncoding = 4; lastKnownFileType = text.plist.xml; path = "GoogleService-Info.plist"; sourceTree = "<group>"; };
		1DA716D228F73C28002E32AF /* Done! Watch App.app */ = {isa = PBXFileReference; explicitFileType = wrapper.application; includeInIndex = 0; path = "Done! Watch App.app"; sourceTree = BUILT_PRODUCTS_DIR; };
		1DA716D428F73C28002E32AF /* Done_App.swift */ = {isa = PBXFileReference; lastKnownFileType = sourcecode.swift; path = Done_App.swift; sourceTree = "<group>"; };
		1DA716D628F73C28002E32AF /* ContentView.swift */ = {isa = PBXFileReference; lastKnownFileType = sourcecode.swift; path = ContentView.swift; sourceTree = "<group>"; };
		1DA716D828F73C29002E32AF /* Assets.xcassets */ = {isa = PBXFileReference; lastKnownFileType = folder.assetcatalog; path = Assets.xcassets; sourceTree = "<group>"; };
		1DA716DB28F73C29002E32AF /* Preview Assets.xcassets */ = {isa = PBXFileReference; lastKnownFileType = folder.assetcatalog; path = "Preview Assets.xcassets"; sourceTree = "<group>"; };
		1DADE8E2287F3F7400F1F495 /* TaskRepository.swift */ = {isa = PBXFileReference; lastKnownFileType = sourcecode.swift; path = TaskRepository.swift; sourceTree = "<group>"; };
		1DADE8E42880635500F1F495 /* AppleSignInButton.swift */ = {isa = PBXFileReference; lastKnownFileType = sourcecode.swift; path = AppleSignInButton.swift; sourceTree = "<group>"; };
		1DADE8E72880754D00F1F495 /* SignInWithAppleCoordinator.swift */ = {isa = PBXFileReference; lastKnownFileType = sourcecode.swift; path = SignInWithAppleCoordinator.swift; sourceTree = "<group>"; };
		1DADE8E928807AFF00F1F495 /* Done.entitlements */ = {isa = PBXFileReference; lastKnownFileType = text.plist.entitlements; path = Done.entitlements; sourceTree = "<group>"; };
		1DD28344287C7C5F0095880A /* Done.app */ = {isa = PBXFileReference; explicitFileType = wrapper.application; includeInIndex = 0; path = Done.app; sourceTree = BUILT_PRODUCTS_DIR; };
		1DD28347287C7C5F0095880A /* DoneApp.swift */ = {isa = PBXFileReference; lastKnownFileType = sourcecode.swift; path = DoneApp.swift; sourceTree = "<group>"; };
		1DD2834B287C7C620095880A /* Assets.xcassets */ = {isa = PBXFileReference; lastKnownFileType = folder.assetcatalog; path = Assets.xcassets; sourceTree = "<group>"; };
		1DD2834E287C7C620095880A /* Preview Assets.xcassets */ = {isa = PBXFileReference; lastKnownFileType = folder.assetcatalog; path = "Preview Assets.xcassets"; sourceTree = "<group>"; };
		1DD2835C287C80420095880A /* Info.plist */ = {isa = PBXFileReference; lastKnownFileType = text.plist; path = Info.plist; sourceTree = "<group>"; };
		1DD28372287C87780095880A /* LoginView.swift */ = {isa = PBXFileReference; lastKnownFileType = sourcecode.swift; path = LoginView.swift; sourceTree = "<group>"; };
		1DD28374287C87810095880A /* HomeView.swift */ = {isa = PBXFileReference; lastKnownFileType = sourcecode.swift; path = HomeView.swift; sourceTree = "<group>"; };
		1DD2837D287DEC850095880A /* Task.swift */ = {isa = PBXFileReference; lastKnownFileType = sourcecode.swift; path = Task.swift; sourceTree = "<group>"; };
		1DD2837F287DF1E30095880A /* TaskCellViewModel.swift */ = {isa = PBXFileReference; lastKnownFileType = sourcecode.swift; path = TaskCellViewModel.swift; sourceTree = "<group>"; };
		1DD28381287DF36D0095880A /* TaskListViewModel.swift */ = {isa = PBXFileReference; lastKnownFileType = sourcecode.swift; path = TaskListViewModel.swift; sourceTree = "<group>"; };
/* End PBXFileReference section */

/* Begin PBXFrameworksBuildPhase section */
		1DA716CF28F73C28002E32AF /* Frameworks */ = {
			isa = PBXFrameworksBuildPhase;
			buildActionMask = 2147483647;
			files = (
			);
			runOnlyForDeploymentPostprocessing = 0;
		};
		1DD28341287C7C5F0095880A /* Frameworks */ = {
			isa = PBXFrameworksBuildPhase;
			buildActionMask = 2147483647;
			files = (
				1DD28359287C7E280095880A /* FirebaseAnalytics in Frameworks */,
				1DD28366287C81630095880A /* GoogleSignIn in Frameworks */,
				1DD28363287C80CE0095880A /* FirebaseAuth in Frameworks */,
				1DADE8DE287F3E6800F1F495 /* FirebaseFirestore in Frameworks */,
				1DD2835B287C7E280095880A /* FirebaseAuth in Frameworks */,
				1DADE8E0287F3E6800F1F495 /* FirebaseFirestoreSwift in Frameworks */,
			);
			runOnlyForDeploymentPostprocessing = 0;
		};
/* End PBXFrameworksBuildPhase section */

/* Begin PBXGroup section */
		1DA716D328F73C28002E32AF /* Done! Watch App */ = {
			isa = PBXGroup;
			children = (
				1DA716D428F73C28002E32AF /* Done_App.swift */,
				1DA716D628F73C28002E32AF /* ContentView.swift */,
				1DA716D828F73C29002E32AF /* Assets.xcassets */,
				1DA716DA28F73C29002E32AF /* Preview Content */,
			);
			path = "Done! Watch App";
			sourceTree = "<group>";
		};
		1DA716DA28F73C29002E32AF /* Preview Content */ = {
			isa = PBXGroup;
			children = (
				1DA716DB28F73C29002E32AF /* Preview Assets.xcassets */,
			);
			path = "Preview Content";
			sourceTree = "<group>";
		};
		1DADE8E1287F3F4800F1F495 /* Repositories */ = {
			isa = PBXGroup;
			children = (
				1DADE8E2287F3F7400F1F495 /* TaskRepository.swift */,
			);
			path = Repositories;
			sourceTree = "<group>";
		};
		1DADE8E62880753E00F1F495 /* Services */ = {
			isa = PBXGroup;
			children = (
				1DADE8E72880754D00F1F495 /* SignInWithAppleCoordinator.swift */,
			);
			path = Services;
			sourceTree = "<group>";
		};
		1DD2833B287C7C5F0095880A = {
			isa = PBXGroup;
			children = (
				1DD28346287C7C5F0095880A /* Done */,
				1DA716D328F73C28002E32AF /* Done! Watch App */,
				1DD28345287C7C5F0095880A /* Products */,
			);
			sourceTree = "<group>";
		};
		1DD28345287C7C5F0095880A /* Products */ = {
			isa = PBXGroup;
			children = (
				1DD28344287C7C5F0095880A /* Done.app */,
				1DA716D228F73C28002E32AF /* Done! Watch App.app */,
			);
			name = Products;
			sourceTree = "<group>";
		};
		1DD28346287C7C5F0095880A /* Done */ = {
			isa = PBXGroup;
			children = (
				1DADE8E928807AFF00F1F495 /* Done.entitlements */,
				1DADE8E62880753E00F1F495 /* Services */,
				1DADE8E1287F3F4800F1F495 /* Repositories */,
				1DD2835D287C80600095880A /* View */,
				1DD28371287C87530095880A /* ViewModel */,
				1DD2837C287DEC7D0095880A /* Model */,
				1DD28367287C83060095880A /* Components */,
				1DD2835C287C80420095880A /* Info.plist */,
				1D32BF45288082DC003FB38F /* GoogleService-Info.plist */,
				1DD28347287C7C5F0095880A /* DoneApp.swift */,
				1DD2834B287C7C620095880A /* Assets.xcassets */,
				1DD2834D287C7C620095880A /* Preview Content */,
			);
			path = Done;
			sourceTree = "<group>";
		};
		1DD2834D287C7C620095880A /* Preview Content */ = {
			isa = PBXGroup;
			children = (
				1DD2834E287C7C620095880A /* Preview Assets.xcassets */,
			);
			path = "Preview Content";
			sourceTree = "<group>";
		};
		1DD2835D287C80600095880A /* View */ = {
			isa = PBXGroup;
			children = (
				1DD28372287C87780095880A /* LoginView.swift */,
				1DD28374287C87810095880A /* HomeView.swift */,
			);
			path = View;
			sourceTree = "<group>";
		};
		1DD28367287C83060095880A /* Components */ = {
			isa = PBXGroup;
			children = (
				1DADE8E42880635500F1F495 /* AppleSignInButton.swift */,
				1D052F5C288095EE007DDB87 /* TaskCell.swift */,
				1D052F5E28809803007DDB87 /* EmptyTaskView.swift */,
			);
			path = Components;
			sourceTree = "<group>";
		};
		1DD28371287C87530095880A /* ViewModel */ = {
			isa = PBXGroup;
			children = (
				1DD2837F287DF1E30095880A /* TaskCellViewModel.swift */,
				1DD28381287DF36D0095880A /* TaskListViewModel.swift */,
			);
			path = ViewModel;
			sourceTree = "<group>";
		};
		1DD2837C287DEC7D0095880A /* Model */ = {
			isa = PBXGroup;
			children = (
				1DD2837D287DEC850095880A /* Task.swift */,
			);
			path = Model;
			sourceTree = "<group>";
		};
/* End PBXGroup section */

/* Begin PBXNativeTarget section */
		1DA716D128F73C28002E32AF /* Done! Watch App */ = {
			isa = PBXNativeTarget;
			buildConfigurationList = 1DA716DD28F73C29002E32AF /* Build configuration list for PBXNativeTarget "Done! Watch App" */;
			buildPhases = (
				1DA716CE28F73C28002E32AF /* Sources */,
				1DA716CF28F73C28002E32AF /* Frameworks */,
				1DA716D028F73C28002E32AF /* Resources */,
			);
			buildRules = (
			);
			dependencies = (
			);
			name = "Done! Watch App";
			productName = "Done! Watch App";
			productReference = 1DA716D228F73C28002E32AF /* Done! Watch App.app */;
			productType = "com.apple.product-type.application";
		};
		1DD28343287C7C5F0095880A /* Done */ = {
			isa = PBXNativeTarget;
			buildConfigurationList = 1DD28352287C7C620095880A /* Build configuration list for PBXNativeTarget "Done" */;
			buildPhases = (
				1DD28340287C7C5F0095880A /* Sources */,
				1DD28341287C7C5F0095880A /* Frameworks */,
				1DD28342287C7C5F0095880A /* Resources */,
			);
			buildRules = (
			);
			dependencies = (
			);
			name = Done;
			packageProductDependencies = (
				1DD28358287C7E280095880A /* FirebaseAnalytics */,
				1DD2835A287C7E280095880A /* FirebaseAuth */,
				1DD28362287C80CE0095880A /* FirebaseAuth */,
				1DD28365287C81630095880A /* GoogleSignIn */,
				1DADE8DD287F3E6800F1F495 /* FirebaseFirestore */,
				1DADE8DF287F3E6800F1F495 /* FirebaseFirestoreSwift */,
			);
			productName = Done;
			productReference = 1DD28344287C7C5F0095880A /* Done.app */;
			productType = "com.apple.product-type.application";
		};
/* End PBXNativeTarget section */

/* Begin PBXProject section */
		1DD2833C287C7C5F0095880A /* Project object */ = {
			isa = PBXProject;
			attributes = {
				BuildIndependentTargetsInParallel = 1;
				LastSwiftUpdateCheck = 1400;
				LastUpgradeCheck = 1340;
				TargetAttributes = {
					1DA716D128F73C28002E32AF = {
						CreatedOnToolsVersion = 14.0;
					};
					1DD28343287C7C5F0095880A = {
						CreatedOnToolsVersion = 13.4.1;
					};
				};
			};
			buildConfigurationList = 1DD2833F287C7C5F0095880A /* Build configuration list for PBXProject "Done" */;
			compatibilityVersion = "Xcode 13.0";
			developmentRegion = en;
			hasScannedForEncodings = 0;
			knownRegions = (
				en,
				Base,
			);
			mainGroup = 1DD2833B287C7C5F0095880A;
			packageReferences = (
				1DD28357287C7E280095880A /* XCRemoteSwiftPackageReference "firebase-ios-sdk" */,
				1DD28364287C81630095880A /* XCRemoteSwiftPackageReference "GoogleSignIn-iOS" */,
			);
			productRefGroup = 1DD28345287C7C5F0095880A /* Products */;
			projectDirPath = "";
			projectRoot = "";
			targets = (
				1DD28343287C7C5F0095880A /* Done */,
				1DA716D128F73C28002E32AF /* Done! Watch App */,
			);
		};
/* End PBXProject section */

/* Begin PBXResourcesBuildPhase section */
		1DA716D028F73C28002E32AF /* Resources */ = {
			isa = PBXResourcesBuildPhase;
			buildActionMask = 2147483647;
			files = (
				1DA716DC28F73C29002E32AF /* Preview Assets.xcassets in Resources */,
				1DA716D928F73C29002E32AF /* Assets.xcassets in Resources */,
			);
			runOnlyForDeploymentPostprocessing = 0;
		};
		1DD28342287C7C5F0095880A /* Resources */ = {
			isa = PBXResourcesBuildPhase;
			buildActionMask = 2147483647;
			files = (
				1DD2834F287C7C620095880A /* Preview Assets.xcassets in Resources */,
				1DD2834C287C7C620095880A /* Assets.xcassets in Resources */,
				1D32BF46288082DC003FB38F /* GoogleService-Info.plist in Resources */,
			);
			runOnlyForDeploymentPostprocessing = 0;
		};
/* End PBXResourcesBuildPhase section */

/* Begin PBXSourcesBuildPhase section */
		1DA716CE28F73C28002E32AF /* Sources */ = {
			isa = PBXSourcesBuildPhase;
			buildActionMask = 2147483647;
			files = (
				1DA716F028F7455F002E32AF /* ContentView.swift in Sources */,
				1DA716D528F73C28002E32AF /* Done_App.swift in Sources */,
			);
			runOnlyForDeploymentPostprocessing = 0;
		};
		1DD28340287C7C5F0095880A /* Sources */ = {
			isa = PBXSourcesBuildPhase;
			buildActionMask = 2147483647;
			files = (
				1DADE8E3287F3F7400F1F495 /* TaskRepository.swift in Sources */,
				1D052F5F28809803007DDB87 /* EmptyTaskView.swift in Sources */,
				1DA716F328F7469D002E32AF /* ContentView.swift in Sources */,
				1DD2837E287DEC850095880A /* Task.swift in Sources */,
				1DD28348287C7C5F0095880A /* DoneApp.swift in Sources */,
				1DADE8E52880635500F1F495 /* AppleSignInButton.swift in Sources */,
				1DA716EC28F744E5002E32AF /* HomeView.swift in Sources */,
				1D052F5D288095EE007DDB87 /* TaskCell.swift in Sources */,
				1DD28373287C87780095880A /* LoginView.swift in Sources */,
				1DD28380287DF1E30095880A /* TaskCellViewModel.swift in Sources */,
				1DD28382287DF36D0095880A /* TaskListViewModel.swift in Sources */,
				1DADE8E82880754D00F1F495 /* SignInWithAppleCoordinator.swift in Sources */,
			);
			runOnlyForDeploymentPostprocessing = 0;
		};
/* End PBXSourcesBuildPhase section */

/* Begin XCBuildConfiguration section */
		1DA716DE28F73C29002E32AF /* Debug */ = {
			isa = XCBuildConfiguration;
			buildSettings = {
				ASSETCATALOG_COMPILER_APPICON_NAME = AppIcon;
				ASSETCATALOG_COMPILER_GLOBAL_ACCENT_COLOR_NAME = AccentColor;
				CLANG_CXX_LANGUAGE_STANDARD = "gnu++20";
				CODE_SIGN_STYLE = Automatic;
				CURRENT_PROJECT_VERSION = 1;
				DEVELOPMENT_ASSET_PATHS = "\"Done! Watch App/Preview Content\"";
				DEVELOPMENT_TEAM = C7WG386WRN;
				ENABLE_PREVIEWS = YES;
				GENERATE_INFOPLIST_FILE = YES;
				INFOPLIST_KEY_CFBundleDisplayName = "Done!";
				INFOPLIST_KEY_UISupportedInterfaceOrientations = "UIInterfaceOrientationPortrait UIInterfaceOrientationPortraitUpsideDown";
				INFOPLIST_KEY_WKCompanionAppBundleIdentifier = "";
				LD_RUNPATH_SEARCH_PATHS = (
					"$(inherited)",
					"@executable_path/Frameworks",
				);
				MARKETING_VERSION = 1.0;
				PRODUCT_BUNDLE_IDENTIFIER = .watchkitapp;
				PRODUCT_NAME = "$(TARGET_NAME)";
				SDKROOT = watchos;
				SKIP_INSTALL = YES;
				SWIFT_EMIT_LOC_STRINGS = YES;
				SWIFT_VERSION = 5.0;
				TARGETED_DEVICE_FAMILY = 4;
				WATCHOS_DEPLOYMENT_TARGET = 9.0;
			};
			name = Debug;
		};
		1DA716DF28F73C29002E32AF /* Release */ = {
			isa = XCBuildConfiguration;
			buildSettings = {
				ASSETCATALOG_COMPILER_APPICON_NAME = AppIcon;
				ASSETCATALOG_COMPILER_GLOBAL_ACCENT_COLOR_NAME = AccentColor;
				CLANG_CXX_LANGUAGE_STANDARD = "gnu++20";
				CODE_SIGN_STYLE = Automatic;
				CURRENT_PROJECT_VERSION = 1;
				DEVELOPMENT_ASSET_PATHS = "\"Done! Watch App/Preview Content\"";
				DEVELOPMENT_TEAM = C7WG386WRN;
				ENABLE_PREVIEWS = YES;
				GENERATE_INFOPLIST_FILE = YES;
				INFOPLIST_KEY_CFBundleDisplayName = "Done!";
				INFOPLIST_KEY_UISupportedInterfaceOrientations = "UIInterfaceOrientationPortrait UIInterfaceOrientationPortraitUpsideDown";
				INFOPLIST_KEY_WKCompanionAppBundleIdentifier = "";
				LD_RUNPATH_SEARCH_PATHS = (
					"$(inherited)",
					"@executable_path/Frameworks",
				);
				MARKETING_VERSION = 1.0;
				PRODUCT_BUNDLE_IDENTIFIER = .watchkitapp;
				PRODUCT_NAME = "$(TARGET_NAME)";
				SDKROOT = watchos;
				SKIP_INSTALL = YES;
				SWIFT_EMIT_LOC_STRINGS = YES;
				SWIFT_VERSION = 5.0;
				TARGETED_DEVICE_FAMILY = 4;
				WATCHOS_DEPLOYMENT_TARGET = 9.0;
			};
			name = Release;
		};
		1DD28350287C7C620095880A /* Debug */ = {
			isa = XCBuildConfiguration;
			buildSettings = {
				ALWAYS_SEARCH_USER_PATHS = NO;
				CLANG_ANALYZER_NONNULL = YES;
				CLANG_ANALYZER_NUMBER_OBJECT_CONVERSION = YES_AGGRESSIVE;
				CLANG_CXX_LANGUAGE_STANDARD = "gnu++17";
				CLANG_ENABLE_MODULES = YES;
				CLANG_ENABLE_OBJC_ARC = YES;
				CLANG_ENABLE_OBJC_WEAK = YES;
				CLANG_WARN_BLOCK_CAPTURE_AUTORELEASING = YES;
				CLANG_WARN_BOOL_CONVERSION = YES;
				CLANG_WARN_COMMA = YES;
				CLANG_WARN_CONSTANT_CONVERSION = YES;
				CLANG_WARN_DEPRECATED_OBJC_IMPLEMENTATIONS = YES;
				CLANG_WARN_DIRECT_OBJC_ISA_USAGE = YES_ERROR;
				CLANG_WARN_DOCUMENTATION_COMMENTS = YES;
				CLANG_WARN_EMPTY_BODY = YES;
				CLANG_WARN_ENUM_CONVERSION = YES;
				CLANG_WARN_INFINITE_RECURSION = YES;
				CLANG_WARN_INT_CONVERSION = YES;
				CLANG_WARN_NON_LITERAL_NULL_CONVERSION = YES;
				CLANG_WARN_OBJC_IMPLICIT_RETAIN_SELF = YES;
				CLANG_WARN_OBJC_LITERAL_CONVERSION = YES;
				CLANG_WARN_OBJC_ROOT_CLASS = YES_ERROR;
				CLANG_WARN_QUOTED_INCLUDE_IN_FRAMEWORK_HEADER = YES;
				CLANG_WARN_RANGE_LOOP_ANALYSIS = YES;
				CLANG_WARN_STRICT_PROTOTYPES = YES;
				CLANG_WARN_SUSPICIOUS_MOVE = YES;
				CLANG_WARN_UNGUARDED_AVAILABILITY = YES_AGGRESSIVE;
				CLANG_WARN_UNREACHABLE_CODE = YES;
				CLANG_WARN__DUPLICATE_METHOD_MATCH = YES;
				COPY_PHASE_STRIP = NO;
				DEBUG_INFORMATION_FORMAT = dwarf;
				ENABLE_STRICT_OBJC_MSGSEND = YES;
				ENABLE_TESTABILITY = YES;
				GCC_C_LANGUAGE_STANDARD = gnu11;
				GCC_DYNAMIC_NO_PIC = NO;
				GCC_NO_COMMON_BLOCKS = YES;
				GCC_OPTIMIZATION_LEVEL = 0;
				GCC_PREPROCESSOR_DEFINITIONS = (
					"DEBUG=1",
					"$(inherited)",
				);
				GCC_WARN_64_TO_32_BIT_CONVERSION = YES;
				GCC_WARN_ABOUT_RETURN_TYPE = YES_ERROR;
				GCC_WARN_UNDECLARED_SELECTOR = YES;
				GCC_WARN_UNINITIALIZED_AUTOS = YES_AGGRESSIVE;
				GCC_WARN_UNUSED_FUNCTION = YES;
				GCC_WARN_UNUSED_VARIABLE = YES;
				IPHONEOS_DEPLOYMENT_TARGET = 13.0;
				MTL_ENABLE_DEBUG_INFO = INCLUDE_SOURCE;
				MTL_FAST_MATH = YES;
				ONLY_ACTIVE_ARCH = YES;
				SDKROOT = iphoneos;
				SWIFT_ACTIVE_COMPILATION_CONDITIONS = DEBUG;
				SWIFT_OPTIMIZATION_LEVEL = "-Onone";
			};
			name = Debug;
		};
		1DD28351287C7C620095880A /* Release */ = {
			isa = XCBuildConfiguration;
			buildSettings = {
				ALWAYS_SEARCH_USER_PATHS = NO;
				CLANG_ANALYZER_NONNULL = YES;
				CLANG_ANALYZER_NUMBER_OBJECT_CONVERSION = YES_AGGRESSIVE;
				CLANG_CXX_LANGUAGE_STANDARD = "gnu++17";
				CLANG_ENABLE_MODULES = YES;
				CLANG_ENABLE_OBJC_ARC = YES;
				CLANG_ENABLE_OBJC_WEAK = YES;
				CLANG_WARN_BLOCK_CAPTURE_AUTORELEASING = YES;
				CLANG_WARN_BOOL_CONVERSION = YES;
				CLANG_WARN_COMMA = YES;
				CLANG_WARN_CONSTANT_CONVERSION = YES;
				CLANG_WARN_DEPRECATED_OBJC_IMPLEMENTATIONS = YES;
				CLANG_WARN_DIRECT_OBJC_ISA_USAGE = YES_ERROR;
				CLANG_WARN_DOCUMENTATION_COMMENTS = YES;
				CLANG_WARN_EMPTY_BODY = YES;
				CLANG_WARN_ENUM_CONVERSION = YES;
				CLANG_WARN_INFINITE_RECURSION = YES;
				CLANG_WARN_INT_CONVERSION = YES;
				CLANG_WARN_NON_LITERAL_NULL_CONVERSION = YES;
				CLANG_WARN_OBJC_IMPLICIT_RETAIN_SELF = YES;
				CLANG_WARN_OBJC_LITERAL_CONVERSION = YES;
				CLANG_WARN_OBJC_ROOT_CLASS = YES_ERROR;
				CLANG_WARN_QUOTED_INCLUDE_IN_FRAMEWORK_HEADER = YES;
				CLANG_WARN_RANGE_LOOP_ANALYSIS = YES;
				CLANG_WARN_STRICT_PROTOTYPES = YES;
				CLANG_WARN_SUSPICIOUS_MOVE = YES;
				CLANG_WARN_UNGUARDED_AVAILABILITY = YES_AGGRESSIVE;
				CLANG_WARN_UNREACHABLE_CODE = YES;
				CLANG_WARN__DUPLICATE_METHOD_MATCH = YES;
				COPY_PHASE_STRIP = NO;
				DEBUG_INFORMATION_FORMAT = "dwarf-with-dsym";
				ENABLE_NS_ASSERTIONS = NO;
				ENABLE_STRICT_OBJC_MSGSEND = YES;
				GCC_C_LANGUAGE_STANDARD = gnu11;
				GCC_NO_COMMON_BLOCKS = YES;
				GCC_WARN_64_TO_32_BIT_CONVERSION = YES;
				GCC_WARN_ABOUT_RETURN_TYPE = YES_ERROR;
				GCC_WARN_UNDECLARED_SELECTOR = YES;
				GCC_WARN_UNINITIALIZED_AUTOS = YES_AGGRESSIVE;
				GCC_WARN_UNUSED_FUNCTION = YES;
				GCC_WARN_UNUSED_VARIABLE = YES;
				IPHONEOS_DEPLOYMENT_TARGET = 13.0;
				MTL_ENABLE_DEBUG_INFO = NO;
				MTL_FAST_MATH = YES;
				SDKROOT = iphoneos;
				SWIFT_COMPILATION_MODE = wholemodule;
				SWIFT_OPTIMIZATION_LEVEL = "-O";
				VALIDATE_PRODUCT = YES;
			};
			name = Release;
		};
		1DD28353287C7C620095880A /* Debug */ = {
			isa = XCBuildConfiguration;
			buildSettings = {
				ASSETCATALOG_COMPILER_APPICON_NAME = AppIcon;
				ASSETCATALOG_COMPILER_GLOBAL_ACCENT_COLOR_NAME = AccentColor;
				CODE_SIGN_ENTITLEMENTS = Done/Done.entitlements;
				CODE_SIGN_STYLE = Automatic;
				CURRENT_PROJECT_VERSION = 1;
				DEVELOPMENT_ASSET_PATHS = "\"Done/Preview Content\"";
				DEVELOPMENT_TEAM = C7WG386WRN;
				ENABLE_PREVIEWS = YES;
				GENERATE_INFOPLIST_FILE = YES;
				INFOPLIST_FILE = Done/Info.plist;
				INFOPLIST_KEY_UIApplicationSceneManifest_Generation = YES;
				INFOPLIST_KEY_UIApplicationSupportsIndirectInputEvents = YES;
				INFOPLIST_KEY_UILaunchScreen_Generation = YES;
				INFOPLIST_KEY_UISupportedInterfaceOrientations_iPad = "UIInterfaceOrientationPortrait UIInterfaceOrientationPortraitUpsideDown UIInterfaceOrientationLandscapeLeft UIInterfaceOrientationLandscapeRight";
				INFOPLIST_KEY_UISupportedInterfaceOrientations_iPhone = "UIInterfaceOrientationPortrait UIInterfaceOrientationLandscapeLeft UIInterfaceOrientationLandscapeRight";
				IPHONEOS_DEPLOYMENT_TARGET = 14.0;
				LD_RUNPATH_SEARCH_PATHS = (
					"$(inherited)",
					"@executable_path/Frameworks",
				);
				MARKETING_VERSION = 1.0;
				PRODUCT_BUNDLE_IDENTIFIER = com.oguzkr.DoneApp;
				PRODUCT_NAME = "$(TARGET_NAME)";
				SWIFT_EMIT_LOC_STRINGS = YES;
				SWIFT_VERSION = 5.0;
				TARGETED_DEVICE_FAMILY = 1;
			};
			name = Debug;
		};
		1DD28354287C7C620095880A /* Release */ = {
			isa = XCBuildConfiguration;
			buildSettings = {
				ASSETCATALOG_COMPILER_APPICON_NAME = AppIcon;
				ASSETCATALOG_COMPILER_GLOBAL_ACCENT_COLOR_NAME = AccentColor;
				CODE_SIGN_ENTITLEMENTS = Done/Done.entitlements;
				CODE_SIGN_STYLE = Automatic;
				CURRENT_PROJECT_VERSION = 1;
				DEVELOPMENT_ASSET_PATHS = "\"Done/Preview Content\"";
				DEVELOPMENT_TEAM = C7WG386WRN;
				ENABLE_PREVIEWS = YES;
				GENERATE_INFOPLIST_FILE = YES;
				INFOPLIST_FILE = Done/Info.plist;
				INFOPLIST_KEY_UIApplicationSceneManifest_Generation = YES;
				INFOPLIST_KEY_UIApplicationSupportsIndirectInputEvents = YES;
				INFOPLIST_KEY_UILaunchScreen_Generation = YES;
				INFOPLIST_KEY_UISupportedInterfaceOrientations_iPad = "UIInterfaceOrientationPortrait UIInterfaceOrientationPortraitUpsideDown UIInterfaceOrientationLandscapeLeft UIInterfaceOrientationLandscapeRight";
				INFOPLIST_KEY_UISupportedInterfaceOrientations_iPhone = "UIInterfaceOrientationPortrait UIInterfaceOrientationLandscapeLeft UIInterfaceOrientationLandscapeRight";
				IPHONEOS_DEPLOYMENT_TARGET = 14.0;
				LD_RUNPATH_SEARCH_PATHS = (
					"$(inherited)",
					"@executable_path/Frameworks",
				);
				MARKETING_VERSION = 1.0;
				PRODUCT_BUNDLE_IDENTIFIER = com.oguzkr.DoneApp;
				PRODUCT_NAME = "$(TARGET_NAME)";
				SWIFT_EMIT_LOC_STRINGS = YES;
				SWIFT_VERSION = 5.0;
				TARGETED_DEVICE_FAMILY = 1;
			};
			name = Release;
		};
/* End XCBuildConfiguration section */

/* Begin XCConfigurationList section */
		1DA716DD28F73C29002E32AF /* Build configuration list for PBXNativeTarget "Done! Watch App" */ = {
			isa = XCConfigurationList;
			buildConfigurations = (
				1DA716DE28F73C29002E32AF /* Debug */,
				1DA716DF28F73C29002E32AF /* Release */,
			);
			defaultConfigurationIsVisible = 0;
			defaultConfigurationName = Release;
		};
		1DD2833F287C7C5F0095880A /* Build configuration list for PBXProject "Done" */ = {
			isa = XCConfigurationList;
			buildConfigurations = (
				1DD28350287C7C620095880A /* Debug */,
				1DD28351287C7C620095880A /* Release */,
			);
			defaultConfigurationIsVisible = 0;
			defaultConfigurationName = Release;
		};
		1DD28352287C7C620095880A /* Build configuration list for PBXNativeTarget "Done" */ = {
			isa = XCConfigurationList;
			buildConfigurations = (
				1DD28353287C7C620095880A /* Debug */,
				1DD28354287C7C620095880A /* Release */,
			);
			defaultConfigurationIsVisible = 0;
			defaultConfigurationName = Release;
		};
/* End XCConfigurationList section */

/* Begin XCRemoteSwiftPackageReference section */
		1DD28357287C7E280095880A /* XCRemoteSwiftPackageReference "firebase-ios-sdk" */ = {
			isa = XCRemoteSwiftPackageReference;
			repositoryURL = "https://github.com/firebase/firebase-ios-sdk";
			requirement = {
				kind = upToNextMajorVersion;
				minimumVersion = 9.0.0;
			};
		};
		1DD28364287C81630095880A /* XCRemoteSwiftPackageReference "GoogleSignIn-iOS" */ = {
			isa = XCRemoteSwiftPackageReference;
			repositoryURL = "https://github.com/google/GoogleSignIn-iOS";
			requirement = {
				kind = upToNextMajorVersion;
				minimumVersion = 6.0.0;
			};
		};
/* End XCRemoteSwiftPackageReference section */

/* Begin XCSwiftPackageProductDependency section */
		1DADE8DD287F3E6800F1F495 /* FirebaseFirestore */ = {
			isa = XCSwiftPackageProductDependency;
			package = 1DD28357287C7E280095880A /* XCRemoteSwiftPackageReference "firebase-ios-sdk" */;
			productName = FirebaseFirestore;
		};
		1DADE8DF287F3E6800F1F495 /* FirebaseFirestoreSwift */ = {
			isa = XCSwiftPackageProductDependency;
			package = 1DD28357287C7E280095880A /* XCRemoteSwiftPackageReference "firebase-ios-sdk" */;
			productName = FirebaseFirestoreSwift;
		};
		1DD28358287C7E280095880A /* FirebaseAnalytics */ = {
			isa = XCSwiftPackageProductDependency;
			package = 1DD28357287C7E280095880A /* XCRemoteSwiftPackageReference "firebase-ios-sdk" */;
			productName = FirebaseAnalytics;
		};
		1DD2835A287C7E280095880A /* FirebaseAuth */ = {
			isa = XCSwiftPackageProductDependency;
			package = 1DD28357287C7E280095880A /* XCRemoteSwiftPackageReference "firebase-ios-sdk" */;
			productName = FirebaseAuth;
		};
		1DD28362287C80CE0095880A /* FirebaseAuth */ = {
			isa = XCSwiftPackageProductDependency;
			package = 1DD28357287C7E280095880A /* XCRemoteSwiftPackageReference "firebase-ios-sdk" */;
			productName = FirebaseAuth;
		};
		1DD28365287C81630095880A /* GoogleSignIn */ = {
			isa = XCSwiftPackageProductDependency;
			package = 1DD28364287C81630095880A /* XCRemoteSwiftPackageReference "GoogleSignIn-iOS" */;
			productName = GoogleSignIn;
		};
/* End XCSwiftPackageProductDependency section */
	};
	rootObject = 1DD2833C287C7C5F0095880A /* Project object */;
}
